
Microsoft Visual Studio Solution File, Format Version 12.00
# Visual Studio 15
VisualStudioVersion = 15.0.28010.2016
MinimumVisualStudioVersion = 10.0.40219.1
Project("{FAE04EC0-301F-11D3-BF4B-00C04F79EFBC}") = "Thuria.Zitidar.Extensions", "Thuria.Zitidar.Extensions\Thuria.Zitidar.Extensions.csproj", "{9E3F6D21-FBF0-4C8C-8E5E-B5521B016DEC}"
EndProject
Project("{9A19103F-16F7-4668-BE54-9A1E7A4F7556}") = "Thuria.Zitidar.Extensions.Tests", "Thuria.Zitidar.Extensions.Tests\Thuria.Zitidar.Extensions.Tests.csproj", "{15C2838C-08AF-4CBB-B5AD-CD16F8FF6A74}"
EndProject
Global
	GlobalSection(SolutionConfigurationPlatforms) = preSolution
		Debug|Any CPU = Debug|Any CPU
		Release|Any CPU = Release|Any CPU
	EndGlobalSection
	GlobalSection(ProjectConfigurationPlatforms) = postSolution
		{9E3F6D21-FBF0-4C8C-8E5E-B5521B016DEC}.Debug|Any CPU.ActiveCfg = Debug|Any CPU
		{9E3F6D21-FBF0-4C8C-8E5E-B5521B016DEC}.Debug|Any CPU.Build.0 = Debug|Any CPU
		{9E3F6D21-FBF0-4C8C-8E5E-B5521B016DEC}.Release|Any CPU.ActiveCfg = Release|Any CPU
		{9E3F6D21-FBF0-4C8C-8E5E-B5521B016DEC}.Release|Any CPU.Build.0 = Release|Any CPU
		{15C2838C-08AF-4CBB-B5AD-CD16F8FF6A74}.Debug|Any CPU.ActiveCfg = Debug|Any CPU
		{15C2838C-08AF-4CBB-B5AD-CD16F8FF6A74}.Debug|Any CPU.Build.0 = Debug|Any CPU
		{15C2838C-08AF-4CBB-B5AD-CD16F8FF6A74}.Release|Any CPU.ActiveCfg = Release|Any CPU
		{15C2838C-08AF-4CBB-B5AD-CD16F8FF6A74}.Release|Any CPU.Build.0 = Release|Any CPU
	EndGlobalSection
	GlobalSection(SolutionProperties) = preSolution
		HideSolutionNode = FALSE
	EndGlobalSection
	GlobalSection(ExtensibilityGlobals) = postSolution
		SolutionGuid = {DE4973E5-80BB-4CA6-971B-943408D9ADC0}
	EndGlobalSection
EndGlobal
