
Microsoft Visual Studio Solution File, Format Version 12.00
# Visual Studio 15
VisualStudioVersion = 15.0.28010.2016
MinimumVisualStudioVersion = 10.0.40219.1
Project("{9A19103F-16F7-4668-BE54-9A1E7A4F7556}") = "Thuria.Zitidar.Extensions", "Thuria.Zitidar.Extensions\Thuria.Zitidar.Extensions.csproj", "{9E3F6D21-FBF0-4C8C-8E5E-B5521B016DEC}"
EndProject
Project("{9A19103F-16F7-4668-BE54-9A1E7A4F7556}") = "Thuria.Zitidar.Extensions.Tests", "Thuria.Zitidar.Extensions.Tests\Thuria.Zitidar.Extensions.Tests.csproj", "{15C2838C-08AF-4CBB-B5AD-CD16F8FF6A74}"
EndProject
Project("{9A19103F-16F7-4668-BE54-9A1E7A4F7556}") = "Thuria.Zitidar.Structuremap.Tests", "Thuria.Zitidar.Structuremap.Tests\Thuria.Zitidar.Structuremap.Tests.csproj", "{C9E22876-7912-4286-9976-8104466A191C}"
EndProject
Project("{9A19103F-16F7-4668-BE54-9A1E7A4F7556}") = "Thuria.Zitidar.Structuremap", "Thuria.Zitidar.Structuremap\Thuria.Zitidar.Structuremap.csproj", "{E42E2A4F-1FED-4079-AB65-B651D9A60515}"
EndProject
Project("{9A19103F-16F7-4668-BE54-9A1E7A4F7556}") = "Thuria.Zitidar.Core", "Thuria.Zitidar.Core\Thuria.Zitidar.Core.csproj", "{F09E3F51-6DEC-482E-92BC-AC142AC1347E}"
EndProject
Project("{2150E333-8FDC-42A3-9474-1A3956D46DE8}") = "Solution Items", "Solution Items", "{4EC3D2B5-4C5C-4B92-BFA3-E6D2E4401551}"
	ProjectSection(SolutionItems) = preProject
		..\.buildSettings.yml = ..\.buildSettings.yml
		..\readme.md = ..\readme.md
	EndProjectSection
EndProject
Project("{9A19103F-16F7-4668-BE54-9A1E7A4F7556}") = "Thuria.Zitidar.Akka", "Thuria.Zitidar.Akka\Thuria.Zitidar.Akka.csproj", "{30A4C990-B03F-454B-A99B-8DDA956084B1}"
EndProject
Global
	GlobalSection(SolutionConfigurationPlatforms) = preSolution
		Debug|Any CPU = Debug|Any CPU
		Release|Any CPU = Release|Any CPU
	EndGlobalSection
	GlobalSection(ProjectConfigurationPlatforms) = postSolution
		{9E3F6D21-FBF0-4C8C-8E5E-B5521B016DEC}.Debug|Any CPU.ActiveCfg = Debug|Any CPU
		{9E3F6D21-FBF0-4C8C-8E5E-B5521B016DEC}.Debug|Any CPU.Build.0 = Debug|Any CPU
		{9E3F6D21-FBF0-4C8C-8E5E-B5521B016DEC}.Release|Any CPU.ActiveCfg = Release|Any CPU
		{9E3F6D21-FBF0-4C8C-8E5E-B5521B016DEC}.Release|Any CPU.Build.0 = Release|Any CPU
		{15C2838C-08AF-4CBB-B5AD-CD16F8FF6A74}.Debug|Any CPU.ActiveCfg = Debug|Any CPU
		{15C2838C-08AF-4CBB-B5AD-CD16F8FF6A74}.Debug|Any CPU.Build.0 = Debug|Any CPU
		{15C2838C-08AF-4CBB-B5AD-CD16F8FF6A74}.Release|Any CPU.ActiveCfg = Release|Any CPU
		{15C2838C-08AF-4CBB-B5AD-CD16F8FF6A74}.Release|Any CPU.Build.0 = Release|Any CPU
		{C9E22876-7912-4286-9976-8104466A191C}.Debug|Any CPU.ActiveCfg = Debug|Any CPU
		{C9E22876-7912-4286-9976-8104466A191C}.Debug|Any CPU.Build.0 = Debug|Any CPU
		{C9E22876-7912-4286-9976-8104466A191C}.Release|Any CPU.ActiveCfg = Release|Any CPU
		{C9E22876-7912-4286-9976-8104466A191C}.Release|Any CPU.Build.0 = Release|Any CPU
		{E42E2A4F-1FED-4079-AB65-B651D9A60515}.Debug|Any CPU.ActiveCfg = Debug|Any CPU
		{E42E2A4F-1FED-4079-AB65-B651D9A60515}.Debug|Any CPU.Build.0 = Debug|Any CPU
		{E42E2A4F-1FED-4079-AB65-B651D9A60515}.Release|Any CPU.ActiveCfg = Release|Any CPU
		{E42E2A4F-1FED-4079-AB65-B651D9A60515}.Release|Any CPU.Build.0 = Release|Any CPU
		{F09E3F51-6DEC-482E-92BC-AC142AC1347E}.Debug|Any CPU.ActiveCfg = Debug|Any CPU
		{F09E3F51-6DEC-482E-92BC-AC142AC1347E}.Debug|Any CPU.Build.0 = Debug|Any CPU
		{F09E3F51-6DEC-482E-92BC-AC142AC1347E}.Release|Any CPU.ActiveCfg = Release|Any CPU
		{F09E3F51-6DEC-482E-92BC-AC142AC1347E}.Release|Any CPU.Build.0 = Release|Any CPU
		{30A4C990-B03F-454B-A99B-8DDA956084B1}.Debug|Any CPU.ActiveCfg = Debug|Any CPU
		{30A4C990-B03F-454B-A99B-8DDA956084B1}.Debug|Any CPU.Build.0 = Debug|Any CPU
		{30A4C990-B03F-454B-A99B-8DDA956084B1}.Release|Any CPU.ActiveCfg = Release|Any CPU
		{30A4C990-B03F-454B-A99B-8DDA956084B1}.Release|Any CPU.Build.0 = Release|Any CPU
	EndGlobalSection
	GlobalSection(SolutionProperties) = preSolution
		HideSolutionNode = FALSE
	EndGlobalSection
	GlobalSection(ExtensibilityGlobals) = postSolution
		SolutionGuid = {DE4973E5-80BB-4CA6-971B-943408D9ADC0}
	EndGlobalSection
EndGlobal
