
Microsoft Visual Studio Solution File, Format Version 12.00
# Visual Studio Version 16
VisualStudioVersion = 16.0.29424.173
MinimumVisualStudioVersion = 10.0.40219.1
Project("{9A19103F-16F7-4668-BE54-9A1E7A4F7556}") = "Thuria.Zitidar.Extensions", "Thuria.Zitidar.Extensions\Thuria.Zitidar.Extensions.csproj", "{9E3F6D21-FBF0-4C8C-8E5E-B5521B016DEC}"
EndProject
Project("{9A19103F-16F7-4668-BE54-9A1E7A4F7556}") = "Thuria.Zitidar.Extensions.Tests", "Thuria.Zitidar.Extensions.Tests\Thuria.Zitidar.Extensions.Tests.csproj", "{15C2838C-08AF-4CBB-B5AD-CD16F8FF6A74}"
EndProject
Project("{9A19103F-16F7-4668-BE54-9A1E7A4F7556}") = "Thuria.Zitidar.Structuremap.Tests", "Thuria.Zitidar.Structuremap.Tests\Thuria.Zitidar.Structuremap.Tests.csproj", "{C9E22876-7912-4286-9976-8104466A191C}"
EndProject
Project("{9A19103F-16F7-4668-BE54-9A1E7A4F7556}") = "Thuria.Zitidar.Structuremap", "Thuria.Zitidar.Structuremap\Thuria.Zitidar.Structuremap.csproj", "{E42E2A4F-1FED-4079-AB65-B651D9A60515}"
EndProject
Project("{9A19103F-16F7-4668-BE54-9A1E7A4F7556}") = "Thuria.Zitidar.Core", "Thuria.Zitidar.Core\Thuria.Zitidar.Core.csproj", "{F09E3F51-6DEC-482E-92BC-AC142AC1347E}"
EndProject
Project("{2150E333-8FDC-42A3-9474-1A3956D46DE8}") = "Solution Items", "Solution Items", "{4EC3D2B5-4C5C-4B92-BFA3-E6D2E4401551}"
	ProjectSection(SolutionItems) = preProject
		..\.buildSettings.yml = ..\.buildSettings.yml
		..\gulpfile.js = ..\gulpfile.js
		..\readme.md = ..\readme.md
	EndProjectSection
EndProject
Project("{9A19103F-16F7-4668-BE54-9A1E7A4F7556}") = "Thuria.Zitidar.Akka", "Thuria.Zitidar.Akka\Thuria.Zitidar.Akka.csproj", "{30A4C990-B03F-454B-A99B-8DDA956084B1}"
EndProject
Project("{9A19103F-16F7-4668-BE54-9A1E7A4F7556}") = "Thuria.Zitidar.Akka.Tests", "Thuria.Zitidar.Akka.Tests\Thuria.Zitidar.Akka.Tests.csproj", "{F9F14440-00D6-43A4-B0CD-8571E35AA331}"
EndProject
Project("{9A19103F-16F7-4668-BE54-9A1E7A4F7556}") = "Thuria.Zitidar.Settings", "Thuria.Zitidar.Settings\Thuria.Zitidar.Settings.csproj", "{16445786-974E-41E3-A577-3C7622A6FB77}"
EndProject
Project("{9A19103F-16F7-4668-BE54-9A1E7A4F7556}") = "Thuria.Zitidar.Settings.Tests", "Thuria.Zitidar.Settings.Tests\Thuria.Zitidar.Settings.Tests.csproj", "{81FC0118-E6FC-4D6D-AD4C-A4908E9CB074}"
EndProject
Project("{9A19103F-16F7-4668-BE54-9A1E7A4F7556}") = "Thuria.Zitidar.Logging", "Thuria.Zitidar.Logging\Thuria.Zitidar.Logging.csproj", "{177F0A8C-325A-410A-B6F5-4C0FB9823623}"
EndProject
Project("{9A19103F-16F7-4668-BE54-9A1E7A4F7556}") = "Thuria.Zitidar.Serialization", "Thuria.Zitidar.Serialization\Thuria.Zitidar.Serialization.csproj", "{C7AA793B-A751-492A-8F68-CB574CD9D48C}"
EndProject
Project("{9A19103F-16F7-4668-BE54-9A1E7A4F7556}") = "Thuria.Zitidar.Serialization.Tests", "Thuria.Zitidar.Serialization.Tests\Thuria.Zitidar.Serialization.Tests.csproj", "{862DC0AF-4F7F-46AA-B9E8-702BEB2E3F7A}"
EndProject
Project("{9A19103F-16F7-4668-BE54-9A1E7A4F7556}") = "Thuria.Zitidar.Lamar", "Thuria.Zitidar.Lamar\Thuria.Zitidar.Lamar.csproj", "{9565D59A-4D82-46C5-8662-EB362474373D}"
EndProject
Project("{9A19103F-16F7-4668-BE54-9A1E7A4F7556}") = "Thuria.Zitidar.Lamar.Tests", "Thuria.Zitidar.Lamar.Tests\Thuria.Zitidar.Lamar.Tests.csproj", "{03418D12-A154-4B3C-85F9-CE51346572FF}"
EndProject
Project("{9A19103F-16F7-4668-BE54-9A1E7A4F7556}") = "Thuria.Zitidar.Caching", "Thuria.Zitidar.Caching\Thuria.Zitidar.Caching.csproj", "{DC6C3DCF-026A-49D3-8371-F2FF5C99A70E}"
EndProject
Project("{9A19103F-16F7-4668-BE54-9A1E7A4F7556}") = "Thuria.Zitidar.Caching.Tests", "Thuria.Zitidar.Caching.Tests\Thuria.Zitidar.Caching.Tests.csproj", "{D62D50C3-FF04-4C01-BD97-A5DF6B5B4C5C}"
EndProject
Global
	GlobalSection(SolutionConfigurationPlatforms) = preSolution
		Debug|Any CPU = Debug|Any CPU
		Release|Any CPU = Release|Any CPU
	EndGlobalSection
	GlobalSection(ProjectConfigurationPlatforms) = postSolution
		{9E3F6D21-FBF0-4C8C-8E5E-B5521B016DEC}.Debug|Any CPU.ActiveCfg = Debug|Any CPU
		{9E3F6D21-FBF0-4C8C-8E5E-B5521B016DEC}.Debug|Any CPU.Build.0 = Debug|Any CPU
		{9E3F6D21-FBF0-4C8C-8E5E-B5521B016DEC}.Release|Any CPU.ActiveCfg = Release|Any CPU
		{9E3F6D21-FBF0-4C8C-8E5E-B5521B016DEC}.Release|Any CPU.Build.0 = Release|Any CPU
		{15C2838C-08AF-4CBB-B5AD-CD16F8FF6A74}.Debug|Any CPU.ActiveCfg = Debug|Any CPU
		{15C2838C-08AF-4CBB-B5AD-CD16F8FF6A74}.Debug|Any CPU.Build.0 = Debug|Any CPU
		{15C2838C-08AF-4CBB-B5AD-CD16F8FF6A74}.Release|Any CPU.ActiveCfg = Release|Any CPU
		{15C2838C-08AF-4CBB-B5AD-CD16F8FF6A74}.Release|Any CPU.Build.0 = Release|Any CPU
		{C9E22876-7912-4286-9976-8104466A191C}.Debug|Any CPU.ActiveCfg = Debug|Any CPU
		{C9E22876-7912-4286-9976-8104466A191C}.Debug|Any CPU.Build.0 = Debug|Any CPU
		{C9E22876-7912-4286-9976-8104466A191C}.Release|Any CPU.ActiveCfg = Release|Any CPU
		{C9E22876-7912-4286-9976-8104466A191C}.Release|Any CPU.Build.0 = Release|Any CPU
		{E42E2A4F-1FED-4079-AB65-B651D9A60515}.Debug|Any CPU.ActiveCfg = Debug|Any CPU
		{E42E2A4F-1FED-4079-AB65-B651D9A60515}.Debug|Any CPU.Build.0 = Debug|Any CPU
		{E42E2A4F-1FED-4079-AB65-B651D9A60515}.Release|Any CPU.ActiveCfg = Release|Any CPU
		{E42E2A4F-1FED-4079-AB65-B651D9A60515}.Release|Any CPU.Build.0 = Release|Any CPU
		{F09E3F51-6DEC-482E-92BC-AC142AC1347E}.Debug|Any CPU.ActiveCfg = Debug|Any CPU
		{F09E3F51-6DEC-482E-92BC-AC142AC1347E}.Debug|Any CPU.Build.0 = Debug|Any CPU
		{F09E3F51-6DEC-482E-92BC-AC142AC1347E}.Release|Any CPU.ActiveCfg = Release|Any CPU
		{F09E3F51-6DEC-482E-92BC-AC142AC1347E}.Release|Any CPU.Build.0 = Release|Any CPU
		{30A4C990-B03F-454B-A99B-8DDA956084B1}.Debug|Any CPU.ActiveCfg = Debug|Any CPU
		{30A4C990-B03F-454B-A99B-8DDA956084B1}.Debug|Any CPU.Build.0 = Debug|Any CPU
		{30A4C990-B03F-454B-A99B-8DDA956084B1}.Release|Any CPU.ActiveCfg = Release|Any CPU
		{30A4C990-B03F-454B-A99B-8DDA956084B1}.Release|Any CPU.Build.0 = Release|Any CPU
		{F9F14440-00D6-43A4-B0CD-8571E35AA331}.Debug|Any CPU.ActiveCfg = Debug|Any CPU
		{F9F14440-00D6-43A4-B0CD-8571E35AA331}.Debug|Any CPU.Build.0 = Debug|Any CPU
		{F9F14440-00D6-43A4-B0CD-8571E35AA331}.Release|Any CPU.ActiveCfg = Release|Any CPU
		{F9F14440-00D6-43A4-B0CD-8571E35AA331}.Release|Any CPU.Build.0 = Release|Any CPU
		{16445786-974E-41E3-A577-3C7622A6FB77}.Debug|Any CPU.ActiveCfg = Debug|Any CPU
		{16445786-974E-41E3-A577-3C7622A6FB77}.Debug|Any CPU.Build.0 = Debug|Any CPU
		{16445786-974E-41E3-A577-3C7622A6FB77}.Release|Any CPU.ActiveCfg = Release|Any CPU
		{16445786-974E-41E3-A577-3C7622A6FB77}.Release|Any CPU.Build.0 = Release|Any CPU
		{81FC0118-E6FC-4D6D-AD4C-A4908E9CB074}.Debug|Any CPU.ActiveCfg = Debug|Any CPU
		{81FC0118-E6FC-4D6D-AD4C-A4908E9CB074}.Debug|Any CPU.Build.0 = Debug|Any CPU
		{81FC0118-E6FC-4D6D-AD4C-A4908E9CB074}.Release|Any CPU.ActiveCfg = Release|Any CPU
		{81FC0118-E6FC-4D6D-AD4C-A4908E9CB074}.Release|Any CPU.Build.0 = Release|Any CPU
		{177F0A8C-325A-410A-B6F5-4C0FB9823623}.Debug|Any CPU.ActiveCfg = Debug|Any CPU
		{177F0A8C-325A-410A-B6F5-4C0FB9823623}.Debug|Any CPU.Build.0 = Debug|Any CPU
		{177F0A8C-325A-410A-B6F5-4C0FB9823623}.Release|Any CPU.ActiveCfg = Release|Any CPU
		{177F0A8C-325A-410A-B6F5-4C0FB9823623}.Release|Any CPU.Build.0 = Release|Any CPU
		{C7AA793B-A751-492A-8F68-CB574CD9D48C}.Debug|Any CPU.ActiveCfg = Debug|Any CPU
		{C7AA793B-A751-492A-8F68-CB574CD9D48C}.Debug|Any CPU.Build.0 = Debug|Any CPU
		{C7AA793B-A751-492A-8F68-CB574CD9D48C}.Release|Any CPU.ActiveCfg = Release|Any CPU
		{C7AA793B-A751-492A-8F68-CB574CD9D48C}.Release|Any CPU.Build.0 = Release|Any CPU
		{862DC0AF-4F7F-46AA-B9E8-702BEB2E3F7A}.Debug|Any CPU.ActiveCfg = Debug|Any CPU
		{862DC0AF-4F7F-46AA-B9E8-702BEB2E3F7A}.Debug|Any CPU.Build.0 = Debug|Any CPU
		{862DC0AF-4F7F-46AA-B9E8-702BEB2E3F7A}.Release|Any CPU.ActiveCfg = Release|Any CPU
		{862DC0AF-4F7F-46AA-B9E8-702BEB2E3F7A}.Release|Any CPU.Build.0 = Release|Any CPU
		{9565D59A-4D82-46C5-8662-EB362474373D}.Debug|Any CPU.ActiveCfg = Debug|Any CPU
		{9565D59A-4D82-46C5-8662-EB362474373D}.Debug|Any CPU.Build.0 = Debug|Any CPU
		{9565D59A-4D82-46C5-8662-EB362474373D}.Release|Any CPU.ActiveCfg = Release|Any CPU
		{9565D59A-4D82-46C5-8662-EB362474373D}.Release|Any CPU.Build.0 = Release|Any CPU
		{03418D12-A154-4B3C-85F9-CE51346572FF}.Debug|Any CPU.ActiveCfg = Debug|Any CPU
		{03418D12-A154-4B3C-85F9-CE51346572FF}.Debug|Any CPU.Build.0 = Debug|Any CPU
		{03418D12-A154-4B3C-85F9-CE51346572FF}.Release|Any CPU.ActiveCfg = Release|Any CPU
		{03418D12-A154-4B3C-85F9-CE51346572FF}.Release|Any CPU.Build.0 = Release|Any CPU
		{DC6C3DCF-026A-49D3-8371-F2FF5C99A70E}.Debug|Any CPU.ActiveCfg = Debug|Any CPU
		{DC6C3DCF-026A-49D3-8371-F2FF5C99A70E}.Debug|Any CPU.Build.0 = Debug|Any CPU
		{DC6C3DCF-026A-49D3-8371-F2FF5C99A70E}.Release|Any CPU.ActiveCfg = Release|Any CPU
		{DC6C3DCF-026A-49D3-8371-F2FF5C99A70E}.Release|Any CPU.Build.0 = Release|Any CPU
		{D62D50C3-FF04-4C01-BD97-A5DF6B5B4C5C}.Debug|Any CPU.ActiveCfg = Debug|Any CPU
		{D62D50C3-FF04-4C01-BD97-A5DF6B5B4C5C}.Debug|Any CPU.Build.0 = Debug|Any CPU
		{D62D50C3-FF04-4C01-BD97-A5DF6B5B4C5C}.Release|Any CPU.ActiveCfg = Release|Any CPU
		{D62D50C3-FF04-4C01-BD97-A5DF6B5B4C5C}.Release|Any CPU.Build.0 = Release|Any CPU
	EndGlobalSection
	GlobalSection(SolutionProperties) = preSolution
		HideSolutionNode = FALSE
	EndGlobalSection
	GlobalSection(ExtensibilityGlobals) = postSolution
		SolutionGuid = {DE4973E5-80BB-4CA6-971B-943408D9ADC0}
	EndGlobalSection
EndGlobal
